// !$*UTF8*$!
{
	archiveVersion = 1;
	classes = {
	};
	objectVersion = 45;
	objects = {

/* Begin PBXBuildFile section */
		1D60589B0D05DD56006BFB54 /* main.m in Sources */ = {isa = PBXBuildFile; fileRef = 29B97316FDCFA39411CA2CEA /* main.m */; };
		1D60589F0D05DD5A006BFB54 /* Foundation.framework in Frameworks */ = {isa = PBXBuildFile; fileRef = 1D30AB110D05D00D00671497 /* Foundation.framework */; };
		1DF5F4E00D08C38300B7A737 /* UIKit.framework in Frameworks */ = {isa = PBXBuildFile; fileRef = 1DF5F4DF0D08C38300B7A737 /* UIKit.framework */; };
		2860E328111B887F00E27156 /* AppDelegate_Phone.m in Sources */ = {isa = PBXBuildFile; fileRef = 2860E326111B887F00E27156 /* AppDelegate_Phone.m */; };
		288765FD0DF74451002DB57D /* CoreGraphics.framework in Frameworks */ = {isa = PBXBuildFile; fileRef = 288765FC0DF74451002DB57D /* CoreGraphics.framework */; };
		3250660612288D4B00D8A986 /* StoreKit.framework in Frameworks */ = {isa = PBXBuildFile; fileRef = 3250660512288D4B00D8A986 /* StoreKit.framework */; };
		5947ED751279788300B9A004 /* GameKit.framework in Frameworks */ = {isa = PBXBuildFile; fileRef = 5947ED741279788300B9A004 /* GameKit.framework */; };
		5947EEF6127A8BB900B9A004 /* ScoreManager.m in Sources */ = {isa = PBXBuildFile; fileRef = 5947EEF5127A8BB900B9A004 /* ScoreManager.m */; };
		5948518012E5E5BC00571127 /* info@2x.png in Resources */ = {isa = PBXBuildFile; fileRef = 5948517F12E5E5BC00571127 /* info@2x.png */; };
		5948518212E5E5CF00571127 /* info.png in Resources */ = {isa = PBXBuildFile; fileRef = 5948518112E5E5CF00571127 /* info.png */; };
		5955DB3A11558C21001C813A /* OpenGLES.framework in Frameworks */ = {isa = PBXBuildFile; fileRef = 5955DB3911558C21001C813A /* OpenGLES.framework */; };
		5955DB3C11558C21001C813A /* QuartzCore.framework in Frameworks */ = {isa = PBXBuildFile; fileRef = 5955DB3B11558C21001C813A /* QuartzCore.framework */; };
		5955DB6E11558F62001C813A /* EAGLView.m in Sources */ = {isa = PBXBuildFile; fileRef = 5955DB6511558F62001C813A /* EAGLView.m */; };
		5955DB6F11558F62001C813A /* ES1Renderer.m in Sources */ = {isa = PBXBuildFile; fileRef = 5955DB6711558F62001C813A /* ES1Renderer.m */; };
		5955DB7011558F62001C813A /* ES2Renderer.m in Sources */ = {isa = PBXBuildFile; fileRef = 5955DB6911558F62001C813A /* ES2Renderer.m */; };
		5955DB7111558F62001C813A /* ESRenderer.m in Sources */ = {isa = PBXBuildFile; fileRef = 5955DB6B11558F62001C813A /* ESRenderer.m */; };
		5955DB7211558F62001C813A /* Graph.m in Sources */ = {isa = PBXBuildFile; fileRef = 5955DB6D11558F62001C813A /* Graph.m */; };
		5984A13E129893ED0013C17E /* libAdMob.a in Frameworks */ = {isa = PBXBuildFile; fileRef = 5984A13D129893ED0013C17E /* libAdMob.a */; };
		5984A1C012989B8C0013C17E /* AudioToolbox.framework in Frameworks */ = {isa = PBXBuildFile; fileRef = 5984A1BF12989B8C0013C17E /* AudioToolbox.framework */; };
		5984A1C212989B8C0013C17E /* MediaPlayer.framework in Frameworks */ = {isa = PBXBuildFile; fileRef = 5984A1C112989B8C0013C17E /* MediaPlayer.framework */; };
		5984A1C412989B8C0013C17E /* MessageUI.framework in Frameworks */ = {isa = PBXBuildFile; fileRef = 5984A1C312989B8C0013C17E /* MessageUI.framework */; };
		5984A1E012989BBC0013C17E /* CDataScanner.m in Sources */ = {isa = PBXBuildFile; fileRef = 5984A1CB12989BBC0013C17E /* CDataScanner.m */; };
		5984A1E112989BBC0013C17E /* CDataScanner_Extensions.m in Sources */ = {isa = PBXBuildFile; fileRef = 5984A1CE12989BBC0013C17E /* CDataScanner_Extensions.m */; };
		5984A1E212989BBC0013C17E /* NSCharacterSet_Extensions.m in Sources */ = {isa = PBXBuildFile; fileRef = 5984A1D012989BBC0013C17E /* NSCharacterSet_Extensions.m */; };
		5984A1E312989BBC0013C17E /* NSDictionary_JSONExtensions.m in Sources */ = {isa = PBXBuildFile; fileRef = 5984A1D212989BBC0013C17E /* NSDictionary_JSONExtensions.m */; };
		5984A1E412989BBC0013C17E /* NSScanner_Extensions.m in Sources */ = {isa = PBXBuildFile; fileRef = 5984A1D412989BBC0013C17E /* NSScanner_Extensions.m */; };
		5984A1E512989BBC0013C17E /* CJSONDataSerializer.m in Sources */ = {isa = PBXBuildFile; fileRef = 5984A1D712989BBC0013C17E /* CJSONDataSerializer.m */; };
		5984A1E612989BBC0013C17E /* CJSONDeserializer.m in Sources */ = {isa = PBXBuildFile; fileRef = 5984A1D912989BBC0013C17E /* CJSONDeserializer.m */; };
		5984A1E712989BBC0013C17E /* CJSONScanner.m in Sources */ = {isa = PBXBuildFile; fileRef = 5984A1DB12989BBC0013C17E /* CJSONScanner.m */; };
		5984A1E812989BBC0013C17E /* CJSONSerializer.m in Sources */ = {isa = PBXBuildFile; fileRef = 5984A1DD12989BBC0013C17E /* CJSONSerializer.m */; };
		5984A1E912989BBC0013C17E /* CSerializedJSONData.m in Sources */ = {isa = PBXBuildFile; fileRef = 5984A1DF12989BBC0013C17E /* CSerializedJSONData.m */; };
		599A7C1A127AA0EC00A308DC /* InfoPlist.strings in Resources */ = {isa = PBXBuildFile; fileRef = 59F2ACA31156B0F1003BA387 /* InfoPlist.strings */; };
		599A7C1B127AA0F400A308DC /* Localizable.strings in Resources */ = {isa = PBXBuildFile; fileRef = 59F2AE631156F0A3003BA387 /* Localizable.strings */; };
		599A7C1C127AA0FD00A308DC /* Default.png in Resources */ = {isa = PBXBuildFile; fileRef = 5955DD201155B9DA001C813A /* Default.png */; };
		599A7C1D127AA11400A308DC /* MainWindow_Phone.xib in Resources */ = {isa = PBXBuildFile; fileRef = 59F2AD2E1156C2DD003BA387 /* MainWindow_Phone.xib */; };
		599A7C1E127AA12000A308DC /* MainWindow_Phone.strings in Resources */ = {isa = PBXBuildFile; fileRef = 59F2AD1E1156C0CA003BA387 /* MainWindow_Phone.strings */; };
		59A43F9F12F9464300F057A2 /* AdManager.m in Sources */ = {isa = PBXBuildFile; fileRef = 59A43F9E12F9464300F057A2 /* AdManager.m */; };
		59CCD927122784BF00C35FF3 /* iAd.framework in Frameworks */ = {isa = PBXBuildFile; fileRef = 59CCD926122784BF00C35FF3 /* iAd.framework */; };
		59CCDAF11227B35E00C35FF3 /* Icon@2x.png in Resources */ = {isa = PBXBuildFile; fileRef = 59CCDAF01227B35E00C35FF3 /* Icon@2x.png */; };
		59D109FB115614F800A1C2DD /* flip.gif in Resources */ = {isa = PBXBuildFile; fileRef = 59D109FA115614F800A1C2DD /* flip.gif */; };
		59E2127412BB798A00E41D2B /* best time.png in Resources */ = {isa = PBXBuildFile; fileRef = 59E2126E12BB798A00E41D2B /* best time.png */; };
		59E2127712BB798A00E41D2B /* remove ads.png in Resources */ = {isa = PBXBuildFile; fileRef = 59E2127112BB798A00E41D2B /* remove ads.png */; };
		59E2127812BB798A00E41D2B /* select level.png in Resources */ = {isa = PBXBuildFile; fileRef = 59E2127212BB798A00E41D2B /* select level.png */; };
		59E2128212BB8EC700E41D2B /* best time@2x.png in Resources */ = {isa = PBXBuildFile; fileRef = 59E2127D12BB8EC700E41D2B /* best time@2x.png */; };
		59E2128512BB8EC700E41D2B /* remove ads@2x.png in Resources */ = {isa = PBXBuildFile; fileRef = 59E2128012BB8EC700E41D2B /* remove ads@2x.png */; };
		59E2128612BB8EC700E41D2B /* select level@2x.png in Resources */ = {isa = PBXBuildFile; fileRef = 59E2128112BB8EC700E41D2B /* select level@2x.png */; };
		59E2129F12BB8F8F00E41D2B /* start@2x.png in Resources */ = {isa = PBXBuildFile; fileRef = 59E2129E12BB8F8F00E41D2B /* start@2x.png */; };
		59E212A412BBBBD500E41D2B /* start.png in Resources */ = {isa = PBXBuildFile; fileRef = 59E212A312BBBBD500E41D2B /* start.png */; };
		59E212D312BBBCE000E41D2B /* Default@2x.png in Resources */ = {isa = PBXBuildFile; fileRef = 59E212D212BBBCE000E41D2B /* Default@2x.png */; };
		59F2B09E1157374B003BA387 /* Icon.png in Resources */ = {isa = PBXBuildFile; fileRef = 59F2B09C1157374B003BA387 /* Icon.png */; };
/* End PBXBuildFile section */

/* Begin PBXFileReference section */
		1D30AB110D05D00D00671497 /* Foundation.framework */ = {isa = PBXFileReference; lastKnownFileType = wrapper.framework; name = Foundation.framework; path = System/Library/Frameworks/Foundation.framework; sourceTree = SDKROOT; };
		1D6058910D05DD3D006BFB54 /* Cross Me Not.app */ = {isa = PBXFileReference; explicitFileType = wrapper.application; includeInIndex = 0; path = "Cross Me Not.app"; sourceTree = BUILT_PRODUCTS_DIR; };
		1DF5F4DF0D08C38300B7A737 /* UIKit.framework */ = {isa = PBXFileReference; lastKnownFileType = wrapper.framework; name = UIKit.framework; path = System/Library/Frameworks/UIKit.framework; sourceTree = SDKROOT; };
		2860E325111B887F00E27156 /* AppDelegate_Phone.h */ = {isa = PBXFileReference; fileEncoding = 4; lastKnownFileType = sourcecode.c.h; path = AppDelegate_Phone.h; sourceTree = "<group>"; };
		2860E326111B887F00E27156 /* AppDelegate_Phone.m */ = {isa = PBXFileReference; fileEncoding = 4; lastKnownFileType = sourcecode.c.objc; path = AppDelegate_Phone.m; sourceTree = "<group>"; };
		288765FC0DF74451002DB57D /* CoreGraphics.framework */ = {isa = PBXFileReference; lastKnownFileType = wrapper.framework; name = CoreGraphics.framework; path = System/Library/Frameworks/CoreGraphics.framework; sourceTree = SDKROOT; };
		29B97316FDCFA39411CA2CEA /* main.m */ = {isa = PBXFileReference; fileEncoding = 4; lastKnownFileType = sourcecode.c.objc; name = main.m; path = Shared/main.m; sourceTree = "<group>"; };
		3250660512288D4B00D8A986 /* StoreKit.framework */ = {isa = PBXFileReference; lastKnownFileType = wrapper.framework; name = StoreKit.framework; path = System/Library/Frameworks/StoreKit.framework; sourceTree = SDKROOT; };
		32CA4F630368D1EE00C91783 /* Cross_Me_Not_Prefix.pch */ = {isa = PBXFileReference; fileEncoding = 4; lastKnownFileType = sourcecode.c.h; path = Cross_Me_Not_Prefix.pch; sourceTree = "<group>"; };
		5947ED741279788300B9A004 /* GameKit.framework */ = {isa = PBXFileReference; lastKnownFileType = wrapper.framework; name = GameKit.framework; path = System/Library/Frameworks/GameKit.framework; sourceTree = SDKROOT; };
		5947EEF4127A8BB900B9A004 /* ScoreManager.h */ = {isa = PBXFileReference; fileEncoding = 4; lastKnownFileType = sourcecode.c.h; path = ScoreManager.h; sourceTree = "<group>"; };
		5947EEF5127A8BB900B9A004 /* ScoreManager.m */ = {isa = PBXFileReference; fileEncoding = 4; lastKnownFileType = sourcecode.c.objc; path = ScoreManager.m; sourceTree = "<group>"; };
		5948517F12E5E5BC00571127 /* info@2x.png */ = {isa = PBXFileReference; lastKnownFileType = image.png; path = "info@2x.png"; sourceTree = "<group>"; };
		5948518112E5E5CF00571127 /* info.png */ = {isa = PBXFileReference; lastKnownFileType = image.png; path = info.png; sourceTree = "<group>"; };
		5955DB3911558C21001C813A /* OpenGLES.framework */ = {isa = PBXFileReference; lastKnownFileType = wrapper.framework; name = OpenGLES.framework; path = System/Library/Frameworks/OpenGLES.framework; sourceTree = SDKROOT; };
		5955DB3B11558C21001C813A /* QuartzCore.framework */ = {isa = PBXFileReference; lastKnownFileType = wrapper.framework; name = QuartzCore.framework; path = System/Library/Frameworks/QuartzCore.framework; sourceTree = SDKROOT; };
		5955DB6411558F62001C813A /* EAGLView.h */ = {isa = PBXFileReference; fileEncoding = 4; lastKnownFileType = sourcecode.c.h; path = EAGLView.h; sourceTree = "<group>"; };
		5955DB6511558F62001C813A /* EAGLView.m */ = {isa = PBXFileReference; fileEncoding = 4; lastKnownFileType = sourcecode.c.objc; path = EAGLView.m; sourceTree = "<group>"; };
		5955DB6611558F62001C813A /* ES1Renderer.h */ = {isa = PBXFileReference; fileEncoding = 4; lastKnownFileType = sourcecode.c.h; path = ES1Renderer.h; sourceTree = "<group>"; };
		5955DB6711558F62001C813A /* ES1Renderer.m */ = {isa = PBXFileReference; fileEncoding = 4; lastKnownFileType = sourcecode.c.objc; path = ES1Renderer.m; sourceTree = "<group>"; };
		5955DB6811558F62001C813A /* ES2Renderer.h */ = {isa = PBXFileReference; fileEncoding = 4; lastKnownFileType = sourcecode.c.h; path = ES2Renderer.h; sourceTree = "<group>"; };
		5955DB6911558F62001C813A /* ES2Renderer.m */ = {isa = PBXFileReference; fileEncoding = 4; lastKnownFileType = sourcecode.c.objc; path = ES2Renderer.m; sourceTree = "<group>"; };
		5955DB6A11558F62001C813A /* ESRenderer.h */ = {isa = PBXFileReference; fileEncoding = 4; lastKnownFileType = sourcecode.c.h; path = ESRenderer.h; sourceTree = "<group>"; };
		5955DB6B11558F62001C813A /* ESRenderer.m */ = {isa = PBXFileReference; fileEncoding = 4; lastKnownFileType = sourcecode.c.objc; path = ESRenderer.m; sourceTree = "<group>"; };
		5955DB6C11558F62001C813A /* Graph.h */ = {isa = PBXFileReference; fileEncoding = 4; lastKnownFileType = sourcecode.c.h; path = Graph.h; sourceTree = "<group>"; };
		5955DB6D11558F62001C813A /* Graph.m */ = {isa = PBXFileReference; fileEncoding = 4; lastKnownFileType = sourcecode.c.objc; path = Graph.m; sourceTree = "<group>"; };
		5955DD201155B9DA001C813A /* Default.png */ = {isa = PBXFileReference; lastKnownFileType = image.png; path = Default.png; sourceTree = "<group>"; };
		5984A139129893ED0013C17E /* AdMobDelegateProtocol.h */ = {isa = PBXFileReference; fileEncoding = 4; lastKnownFileType = sourcecode.c.h; path = AdMobDelegateProtocol.h; sourceTree = "<group>"; };
		5984A13A129893ED0013C17E /* AdMobInterstitialAd.h */ = {isa = PBXFileReference; fileEncoding = 4; lastKnownFileType = sourcecode.c.h; path = AdMobInterstitialAd.h; sourceTree = "<group>"; };
		5984A13B129893ED0013C17E /* AdMobInterstitialDelegateProtocol.h */ = {isa = PBXFileReference; fileEncoding = 4; lastKnownFileType = sourcecode.c.h; path = AdMobInterstitialDelegateProtocol.h; sourceTree = "<group>"; };
		5984A13C129893ED0013C17E /* AdMobView.h */ = {isa = PBXFileReference; fileEncoding = 4; lastKnownFileType = sourcecode.c.h; path = AdMobView.h; sourceTree = "<group>"; };
		5984A13D129893ED0013C17E /* libAdMob.a */ = {isa = PBXFileReference; lastKnownFileType = archive.ar; path = libAdMob.a; sourceTree = "<group>"; };
		5984A1BF12989B8C0013C17E /* AudioToolbox.framework */ = {isa = PBXFileReference; lastKnownFileType = wrapper.framework; name = AudioToolbox.framework; path = System/Library/Frameworks/AudioToolbox.framework; sourceTree = SDKROOT; };
		5984A1C112989B8C0013C17E /* MediaPlayer.framework */ = {isa = PBXFileReference; lastKnownFileType = wrapper.framework; name = MediaPlayer.framework; path = System/Library/Frameworks/MediaPlayer.framework; sourceTree = SDKROOT; };
		5984A1C312989B8C0013C17E /* MessageUI.framework */ = {isa = PBXFileReference; lastKnownFileType = wrapper.framework; name = MessageUI.framework; path = System/Library/Frameworks/MessageUI.framework; sourceTree = SDKROOT; };
		5984A1CA12989BBC0013C17E /* CDataScanner.h */ = {isa = PBXFileReference; fileEncoding = 4; lastKnownFileType = sourcecode.c.h; path = CDataScanner.h; sourceTree = "<group>"; };
		5984A1CB12989BBC0013C17E /* CDataScanner.m */ = {isa = PBXFileReference; fileEncoding = 4; lastKnownFileType = sourcecode.c.objc; path = CDataScanner.m; sourceTree = "<group>"; };
		5984A1CD12989BBC0013C17E /* CDataScanner_Extensions.h */ = {isa = PBXFileReference; fileEncoding = 4; lastKnownFileType = sourcecode.c.h; path = CDataScanner_Extensions.h; sourceTree = "<group>"; };
		5984A1CE12989BBC0013C17E /* CDataScanner_Extensions.m */ = {isa = PBXFileReference; fileEncoding = 4; lastKnownFileType = sourcecode.c.objc; path = CDataScanner_Extensions.m; sourceTree = "<group>"; };
		5984A1CF12989BBC0013C17E /* NSCharacterSet_Extensions.h */ = {isa = PBXFileReference; fileEncoding = 4; lastKnownFileType = sourcecode.c.h; path = NSCharacterSet_Extensions.h; sourceTree = "<group>"; };
		5984A1D012989BBC0013C17E /* NSCharacterSet_Extensions.m */ = {isa = PBXFileReference; fileEncoding = 4; lastKnownFileType = sourcecode.c.objc; path = NSCharacterSet_Extensions.m; sourceTree = "<group>"; };
		5984A1D112989BBC0013C17E /* NSDictionary_JSONExtensions.h */ = {isa = PBXFileReference; fileEncoding = 4; lastKnownFileType = sourcecode.c.h; path = NSDictionary_JSONExtensions.h; sourceTree = "<group>"; };
		5984A1D212989BBC0013C17E /* NSDictionary_JSONExtensions.m */ = {isa = PBXFileReference; fileEncoding = 4; lastKnownFileType = sourcecode.c.objc; path = NSDictionary_JSONExtensions.m; sourceTree = "<group>"; };
		5984A1D312989BBC0013C17E /* NSScanner_Extensions.h */ = {isa = PBXFileReference; fileEncoding = 4; lastKnownFileType = sourcecode.c.h; path = NSScanner_Extensions.h; sourceTree = "<group>"; };
		5984A1D412989BBC0013C17E /* NSScanner_Extensions.m */ = {isa = PBXFileReference; fileEncoding = 4; lastKnownFileType = sourcecode.c.objc; path = NSScanner_Extensions.m; sourceTree = "<group>"; };
		5984A1D612989BBC0013C17E /* CJSONDataSerializer.h */ = {isa = PBXFileReference; fileEncoding = 4; lastKnownFileType = sourcecode.c.h; path = CJSONDataSerializer.h; sourceTree = "<group>"; };
		5984A1D712989BBC0013C17E /* CJSONDataSerializer.m */ = {isa = PBXFileReference; fileEncoding = 4; lastKnownFileType = sourcecode.c.objc; path = CJSONDataSerializer.m; sourceTree = "<group>"; };
		5984A1D812989BBC0013C17E /* CJSONDeserializer.h */ = {isa = PBXFileReference; fileEncoding = 4; lastKnownFileType = sourcecode.c.h; path = CJSONDeserializer.h; sourceTree = "<group>"; };
		5984A1D912989BBC0013C17E /* CJSONDeserializer.m */ = {isa = PBXFileReference; fileEncoding = 4; lastKnownFileType = sourcecode.c.objc; path = CJSONDeserializer.m; sourceTree = "<group>"; };
		5984A1DA12989BBC0013C17E /* CJSONScanner.h */ = {isa = PBXFileReference; fileEncoding = 4; lastKnownFileType = sourcecode.c.h; path = CJSONScanner.h; sourceTree = "<group>"; };
		5984A1DB12989BBC0013C17E /* CJSONScanner.m */ = {isa = PBXFileReference; fileEncoding = 4; lastKnownFileType = sourcecode.c.objc; path = CJSONScanner.m; sourceTree = "<group>"; };
		5984A1DC12989BBC0013C17E /* CJSONSerializer.h */ = {isa = PBXFileReference; fileEncoding = 4; lastKnownFileType = sourcecode.c.h; path = CJSONSerializer.h; sourceTree = "<group>"; };
		5984A1DD12989BBC0013C17E /* CJSONSerializer.m */ = {isa = PBXFileReference; fileEncoding = 4; lastKnownFileType = sourcecode.c.objc; path = CJSONSerializer.m; sourceTree = "<group>"; };
		5984A1DE12989BBC0013C17E /* CSerializedJSONData.h */ = {isa = PBXFileReference; fileEncoding = 4; lastKnownFileType = sourcecode.c.h; path = CSerializedJSONData.h; sourceTree = "<group>"; };
		5984A1DF12989BBC0013C17E /* CSerializedJSONData.m */ = {isa = PBXFileReference; fileEncoding = 4; lastKnownFileType = sourcecode.c.objc; path = CSerializedJSONData.m; sourceTree = "<group>"; };
		59A43F9D12F9464300F057A2 /* AdManager.h */ = {isa = PBXFileReference; fileEncoding = 4; lastKnownFileType = sourcecode.c.h; path = AdManager.h; sourceTree = "<group>"; };
		59A43F9E12F9464300F057A2 /* AdManager.m */ = {isa = PBXFileReference; fileEncoding = 4; lastKnownFileType = sourcecode.c.objc; path = AdManager.m; sourceTree = "<group>"; };
		59CCD926122784BF00C35FF3 /* iAd.framework */ = {isa = PBXFileReference; lastKnownFileType = wrapper.framework; name = iAd.framework; path = System/Library/Frameworks/iAd.framework; sourceTree = SDKROOT; };
		59CCDAF01227B35E00C35FF3 /* Icon@2x.png */ = {isa = PBXFileReference; lastKnownFileType = image.png; path = "Icon@2x.png"; sourceTree = "<group>"; };
		59D109FA115614F800A1C2DD /* flip.gif */ = {isa = PBXFileReference; lastKnownFileType = image.gif; path = flip.gif; sourceTree = "<group>"; };
		59E2126E12BB798A00E41D2B /* best time.png */ = {isa = PBXFileReference; lastKnownFileType = image.png; path = "best time.png"; sourceTree = "<group>"; };
		59E2127112BB798A00E41D2B /* remove ads.png */ = {isa = PBXFileReference; lastKnownFileType = image.png; path = "remove ads.png"; sourceTree = "<group>"; };
		59E2127212BB798A00E41D2B /* select level.png */ = {isa = PBXFileReference; lastKnownFileType = image.png; path = "select level.png"; sourceTree = "<group>"; };
		59E2127D12BB8EC700E41D2B /* best time@2x.png */ = {isa = PBXFileReference; lastKnownFileType = image.png; path = "best time@2x.png"; sourceTree = "<group>"; };
		59E2128012BB8EC700E41D2B /* remove ads@2x.png */ = {isa = PBXFileReference; lastKnownFileType = image.png; path = "remove ads@2x.png"; sourceTree = "<group>"; };
		59E2128112BB8EC700E41D2B /* select level@2x.png */ = {isa = PBXFileReference; lastKnownFileType = image.png; path = "select level@2x.png"; sourceTree = "<group>"; };
		59E2129E12BB8F8F00E41D2B /* start@2x.png */ = {isa = PBXFileReference; lastKnownFileType = image.png; path = "start@2x.png"; sourceTree = "<group>"; };
		59E212A312BBBBD500E41D2B /* start.png */ = {isa = PBXFileReference; lastKnownFileType = image.png; path = start.png; sourceTree = "<group>"; };
		59E212D212BBBCE000E41D2B /* Default@2x.png */ = {isa = PBXFileReference; lastKnownFileType = image.png; path = "Default@2x.png"; sourceTree = "<group>"; };
		59F2ACA31156B0F1003BA387 /* InfoPlist.strings */ = {isa = PBXFileReference; fileEncoding = 10; lastKnownFileType = text.plist.strings; path = InfoPlist.strings; sourceTree = "<group>"; };
		59F2AD1E1156C0CA003BA387 /* MainWindow_Phone.strings */ = {isa = PBXFileReference; fileEncoding = 10; lastKnownFileType = text.plist.strings; path = MainWindow_Phone.strings; sourceTree = "<group>"; };
		59F2AD2E1156C2DD003BA387 /* MainWindow_Phone.xib */ = {isa = PBXFileReference; lastKnownFileType = file.xib; path = MainWindow_Phone.xib; sourceTree = "<group>"; };
		59F2AE631156F0A3003BA387 /* Localizable.strings */ = {isa = PBXFileReference; fileEncoding = 10; lastKnownFileType = text.plist.strings; path = Localizable.strings; sourceTree = "<group>"; };
		59F2B09C1157374B003BA387 /* Icon.png */ = {isa = PBXFileReference; lastKnownFileType = image.png; path = Icon.png; sourceTree = "<group>"; };
		8D1107310486CEB800E47090 /* Cross_Me_Not-Info.plist */ = {isa = PBXFileReference; fileEncoding = 4; lastKnownFileType = text.plist.xml; path = "Cross_Me_Not-Info.plist"; plistStructureDefinitionIdentifier = "com.apple.xcode.plist.structure-definition.iphone.info-plist"; sourceTree = "<group>"; };
/* End PBXFileReference section */

/* Begin PBXFrameworksBuildPhase section */
		1D60588F0D05DD3D006BFB54 /* Frameworks */ = {
			isa = PBXFrameworksBuildPhase;
			buildActionMask = 2147483647;
			files = (
				1D60589F0D05DD5A006BFB54 /* Foundation.framework in Frameworks */,
				1DF5F4E00D08C38300B7A737 /* UIKit.framework in Frameworks */,
				288765FD0DF74451002DB57D /* CoreGraphics.framework in Frameworks */,
				5955DB3A11558C21001C813A /* OpenGLES.framework in Frameworks */,
				5955DB3C11558C21001C813A /* QuartzCore.framework in Frameworks */,
				59CCD927122784BF00C35FF3 /* iAd.framework in Frameworks */,
				3250660612288D4B00D8A986 /* StoreKit.framework in Frameworks */,
				5947ED751279788300B9A004 /* GameKit.framework in Frameworks */,
				5984A13E129893ED0013C17E /* libAdMob.a in Frameworks */,
				5984A1C012989B8C0013C17E /* AudioToolbox.framework in Frameworks */,
				5984A1C212989B8C0013C17E /* MediaPlayer.framework in Frameworks */,
				5984A1C412989B8C0013C17E /* MessageUI.framework in Frameworks */,
			);
			runOnlyForDeploymentPostprocessing = 0;
		};
/* End PBXFrameworksBuildPhase section */

/* Begin PBXGroup section */
		19C28FACFE9D520D11CA2CBB /* Products */ = {
			isa = PBXGroup;
			children = (
				1D6058910D05DD3D006BFB54 /* Cross Me Not.app */,
			);
			name = Products;
			sourceTree = "<group>";
		};
		2860E324111B887F00E27156 /* iPhone */ = {
			isa = PBXGroup;
			children = (
				59F2AD2E1156C2DD003BA387 /* MainWindow_Phone.xib */,
				59F2AD1E1156C0CA003BA387 /* MainWindow_Phone.strings */,
				2860E325111B887F00E27156 /* AppDelegate_Phone.h */,
				2860E326111B887F00E27156 /* AppDelegate_Phone.m */,
			);
			path = iPhone;
			sourceTree = "<group>";
		};
		28EEBF621118D79A00187D67 /* Shared */ = {
			isa = PBXGroup;
			children = (
				5984A138129893ED0013C17E /* AdMob */,
				5955DCFB1155AF01001C813A /* Resources */,
				5955DB6311558F62001C813A /* Classes */,
			);
			name = Shared;
			sourceTree = "<group>";
		};
		29B97314FDCFA39411CA2CEA /* CustomTemplate */ = {
			isa = PBXGroup;
			children = (
				59CCDAF01227B35E00C35FF3 /* Icon@2x.png */,
				59F2B09C1157374B003BA387 /* Icon.png */,
				8D1107310486CEB800E47090 /* Cross_Me_Not-Info.plist */,
				2860E324111B887F00E27156 /* iPhone */,
				28EEBF621118D79A00187D67 /* Shared */,
				29B97315FDCFA39411CA2CEA /* Other Sources */,
				29B97323FDCFA39411CA2CEA /* Frameworks */,
				19C28FACFE9D520D11CA2CBB /* Products */,
			);
			name = CustomTemplate;
			sourceTree = "<group>";
		};
		29B97315FDCFA39411CA2CEA /* Other Sources */ = {
			isa = PBXGroup;
			children = (
				32CA4F630368D1EE00C91783 /* Cross_Me_Not_Prefix.pch */,
				29B97316FDCFA39411CA2CEA /* main.m */,
			);
			name = "Other Sources";
			sourceTree = "<group>";
		};
		29B97323FDCFA39411CA2CEA /* Frameworks */ = {
			isa = PBXGroup;
			children = (
				1DF5F4DF0D08C38300B7A737 /* UIKit.framework */,
				1D30AB110D05D00D00671497 /* Foundation.framework */,
				288765FC0DF74451002DB57D /* CoreGraphics.framework */,
				5955DB3911558C21001C813A /* OpenGLES.framework */,
				5955DB3B11558C21001C813A /* QuartzCore.framework */,
				59CCD926122784BF00C35FF3 /* iAd.framework */,
				3250660512288D4B00D8A986 /* StoreKit.framework */,
				5947ED741279788300B9A004 /* GameKit.framework */,
				5984A1BF12989B8C0013C17E /* AudioToolbox.framework */,
				5984A1C112989B8C0013C17E /* MediaPlayer.framework */,
				5984A1C312989B8C0013C17E /* MessageUI.framework */,
			);
			name = Frameworks;
			sourceTree = "<group>";
		};
		5955DB6311558F62001C813A /* Classes */ = {
			isa = PBXGroup;
			children = (
				5955DB6411558F62001C813A /* EAGLView.h */,
				5955DB6511558F62001C813A /* EAGLView.m */,
				5955DB6611558F62001C813A /* ES1Renderer.h */,
				5955DB6711558F62001C813A /* ES1Renderer.m */,
				5955DB6811558F62001C813A /* ES2Renderer.h */,
				5955DB6911558F62001C813A /* ES2Renderer.m */,
				5955DB6A11558F62001C813A /* ESRenderer.h */,
				5955DB6B11558F62001C813A /* ESRenderer.m */,
				5955DB6C11558F62001C813A /* Graph.h */,
				5955DB6D11558F62001C813A /* Graph.m */,
				5947EEF4127A8BB900B9A004 /* ScoreManager.h */,
				5947EEF5127A8BB900B9A004 /* ScoreManager.m */,
				59A43F9D12F9464300F057A2 /* AdManager.h */,
				59A43F9E12F9464300F057A2 /* AdManager.m */,
			);
			name = Classes;
			path = Shared/Classes;
			sourceTree = "<group>";
		};
		5955DCFB1155AF01001C813A /* Resources */ = {
			isa = PBXGroup;
			children = (
				5948518112E5E5CF00571127 /* info.png */,
				5948517F12E5E5BC00571127 /* info@2x.png */,
				5955DD201155B9DA001C813A /* Default.png */,
				59E212D212BBBCE000E41D2B /* Default@2x.png */,
				59E212A312BBBBD500E41D2B /* start.png */,
				59E2129E12BB8F8F00E41D2B /* start@2x.png */,
				59E2127112BB798A00E41D2B /* remove ads.png */,
				59E2128012BB8EC700E41D2B /* remove ads@2x.png */,
				59E2127212BB798A00E41D2B /* select level.png */,
				59E2128112BB8EC700E41D2B /* select level@2x.png */,
				59E2126E12BB798A00E41D2B /* best time.png */,
				59E2127D12BB8EC700E41D2B /* best time@2x.png */,
				59F2AE631156F0A3003BA387 /* Localizable.strings */,
				59F2ACA31156B0F1003BA387 /* InfoPlist.strings */,
				59D109FA115614F800A1C2DD /* flip.gif */,
			);
			name = Resources;
			path = Shared/Resources;
			sourceTree = "<group>";
		};
		5984A138129893ED0013C17E /* AdMob */ = {
			isa = PBXGroup;
			children = (
				5984A1C912989BBC0013C17E /* TouchJSON */,
				5984A139129893ED0013C17E /* AdMobDelegateProtocol.h */,
				5984A13A129893ED0013C17E /* AdMobInterstitialAd.h */,
				5984A13B129893ED0013C17E /* AdMobInterstitialDelegateProtocol.h */,
				5984A13C129893ED0013C17E /* AdMobView.h */,
				5984A13D129893ED0013C17E /* libAdMob.a */,
			);
			name = AdMob;
			path = Shared/AdMob;
			sourceTree = "<group>";
		};
		5984A1C912989BBC0013C17E /* TouchJSON */ = {
			isa = PBXGroup;
			children = (
				5984A1CA12989BBC0013C17E /* CDataScanner.h */,
				5984A1CB12989BBC0013C17E /* CDataScanner.m */,
				5984A1CC12989BBC0013C17E /* Extensions */,
				5984A1D512989BBC0013C17E /* JSON */,
			);
			path = TouchJSON;
			sourceTree = "<group>";
		};
		5984A1CC12989BBC0013C17E /* Extensions */ = {
			isa = PBXGroup;
			children = (
				5984A1CD12989BBC0013C17E /* CDataScanner_Extensions.h */,
				5984A1CE12989BBC0013C17E /* CDataScanner_Extensions.m */,
				5984A1CF12989BBC0013C17E /* NSCharacterSet_Extensions.h */,
				5984A1D012989BBC0013C17E /* NSCharacterSet_Extensions.m */,
				5984A1D112989BBC0013C17E /* NSDictionary_JSONExtensions.h */,
				5984A1D212989BBC0013C17E /* NSDictionary_JSONExtensions.m */,
				5984A1D312989BBC0013C17E /* NSScanner_Extensions.h */,
				5984A1D412989BBC0013C17E /* NSScanner_Extensions.m */,
			);
			path = Extensions;
			sourceTree = "<group>";
		};
		5984A1D512989BBC0013C17E /* JSON */ = {
			isa = PBXGroup;
			children = (
				5984A1D612989BBC0013C17E /* CJSONDataSerializer.h */,
				5984A1D712989BBC0013C17E /* CJSONDataSerializer.m */,
				5984A1D812989BBC0013C17E /* CJSONDeserializer.h */,
				5984A1D912989BBC0013C17E /* CJSONDeserializer.m */,
				5984A1DA12989BBC0013C17E /* CJSONScanner.h */,
				5984A1DB12989BBC0013C17E /* CJSONScanner.m */,
				5984A1DC12989BBC0013C17E /* CJSONSerializer.h */,
				5984A1DD12989BBC0013C17E /* CJSONSerializer.m */,
				5984A1DE12989BBC0013C17E /* CSerializedJSONData.h */,
				5984A1DF12989BBC0013C17E /* CSerializedJSONData.m */,
			);
			path = JSON;
			sourceTree = "<group>";
		};
/* End PBXGroup section */

/* Begin PBXNativeTarget section */
		1D6058900D05DD3D006BFB54 /* Cross Me Not */ = {
			isa = PBXNativeTarget;
			buildConfigurationList = 1D6058960D05DD3E006BFB54 /* Build configuration list for PBXNativeTarget "Cross Me Not" */;
			buildPhases = (
				1D60588D0D05DD3D006BFB54 /* Resources */,
				1D60588E0D05DD3D006BFB54 /* Sources */,
				1D60588F0D05DD3D006BFB54 /* Frameworks */,
			);
			buildRules = (
			);
			dependencies = (
			);
			name = "Cross Me Not";
			productName = "Cross Me Not";
			productReference = 1D6058910D05DD3D006BFB54 /* Cross Me Not.app */;
			productType = "com.apple.product-type.application";
		};
/* End PBXNativeTarget section */

/* Begin PBXProject section */
		29B97313FDCFA39411CA2CEA /* Project object */ = {
			isa = PBXProject;
			buildConfigurationList = C01FCF4E08A954540054247B /* Build configuration list for PBXProject "Cross Me Not" */;
			compatibilityVersion = "Xcode 3.1";
			developmentRegion = English;
			hasScannedForEncodings = 1;
			knownRegions = (
				English,
				Japanese,
				French,
				German,
				de,
				fr,
				ja,
				ees,
				es,
				zh,
			);
			mainGroup = 29B97314FDCFA39411CA2CEA /* CustomTemplate */;
			projectDirPath = "";
			projectRoot = "";
			targets = (
				1D6058900D05DD3D006BFB54 /* Cross Me Not */,
			);
		};
/* End PBXProject section */

/* Begin PBXResourcesBuildPhase section */
		1D60588D0D05DD3D006BFB54 /* Resources */ = {
			isa = PBXResourcesBuildPhase;
			buildActionMask = 2147483647;
			files = (
				599A7C1C127AA0FD00A308DC /* Default.png in Resources */,
				59D109FB115614F800A1C2DD /* flip.gif in Resources */,
				599A7C1A127AA0EC00A308DC /* InfoPlist.strings in Resources */,
				599A7C1E127AA12000A308DC /* MainWindow_Phone.strings in Resources */,
				599A7C1D127AA11400A308DC /* MainWindow_Phone.xib in Resources */,
				599A7C1B127AA0F400A308DC /* Localizable.strings in Resources */,
				59F2B09E1157374B003BA387 /* Icon.png in Resources */,
				59CCDAF11227B35E00C35FF3 /* Icon@2x.png in Resources */,
				59E2127412BB798A00E41D2B /* best time.png in Resources */,
				59E2127712BB798A00E41D2B /* remove ads.png in Resources */,
				59E2127812BB798A00E41D2B /* select level.png in Resources */,
				59E2128212BB8EC700E41D2B /* best time@2x.png in Resources */,
				59E2128512BB8EC700E41D2B /* remove ads@2x.png in Resources */,
				59E2128612BB8EC700E41D2B /* select level@2x.png in Resources */,
				59E2129F12BB8F8F00E41D2B /* start@2x.png in Resources */,
				59E212A412BBBBD500E41D2B /* start.png in Resources */,
				59E212D312BBBCE000E41D2B /* Default@2x.png in Resources */,
				5948518012E5E5BC00571127 /* info@2x.png in Resources */,
				5948518212E5E5CF00571127 /* info.png in Resources */,
			);
			runOnlyForDeploymentPostprocessing = 0;
		};
/* End PBXResourcesBuildPhase section */

/* Begin PBXSourcesBuildPhase section */
		1D60588E0D05DD3D006BFB54 /* Sources */ = {
			isa = PBXSourcesBuildPhase;
			buildActionMask = 2147483647;
			files = (
				1D60589B0D05DD56006BFB54 /* main.m in Sources */,
				2860E328111B887F00E27156 /* AppDelegate_Phone.m in Sources */,
				5955DB6E11558F62001C813A /* EAGLView.m in Sources */,
				5955DB6F11558F62001C813A /* ES1Renderer.m in Sources */,
				5955DB7011558F62001C813A /* ES2Renderer.m in Sources */,
				5955DB7111558F62001C813A /* ESRenderer.m in Sources */,
				5955DB7211558F62001C813A /* Graph.m in Sources */,
				5947EEF6127A8BB900B9A004 /* ScoreManager.m in Sources */,
				5984A1E012989BBC0013C17E /* CDataScanner.m in Sources */,
				5984A1E112989BBC0013C17E /* CDataScanner_Extensions.m in Sources */,
				5984A1E212989BBC0013C17E /* NSCharacterSet_Extensions.m in Sources */,
				5984A1E312989BBC0013C17E /* NSDictionary_JSONExtensions.m in Sources */,
				5984A1E412989BBC0013C17E /* NSScanner_Extensions.m in Sources */,
				5984A1E512989BBC0013C17E /* CJSONDataSerializer.m in Sources */,
				5984A1E612989BBC0013C17E /* CJSONDeserializer.m in Sources */,
				5984A1E712989BBC0013C17E /* CJSONScanner.m in Sources */,
				5984A1E812989BBC0013C17E /* CJSONSerializer.m in Sources */,
				5984A1E912989BBC0013C17E /* CSerializedJSONData.m in Sources */,
				59A43F9F12F9464300F057A2 /* AdManager.m in Sources */,
			);
			runOnlyForDeploymentPostprocessing = 0;
		};
/* End PBXSourcesBuildPhase section */

/* Begin XCBuildConfiguration section */
		1D6058940D05DD3E006BFB54 /* Debug */ = {
			isa = XCBuildConfiguration;
			buildSettings = {
				ALWAYS_SEARCH_USER_PATHS = NO;
				"CODE_SIGN_IDENTITY[sdk=iphoneos*]" = "iPhone Developer";
				COPY_PHASE_STRIP = NO;
				GCC_DYNAMIC_NO_PIC = NO;
				GCC_OPTIMIZATION_LEVEL = 0;
				GCC_PRECOMPILE_PREFIX_HEADER = YES;
				GCC_PREFIX_HEADER = Cross_Me_Not_Prefix.pch;
				INFOPLIST_FILE = "Cross_Me_Not-Info.plist";
				LIBRARY_SEARCH_PATHS = (
					"$(inherited)",
					"\"$(SRCROOT)/Shared/AdMob\"",
				);
				PRODUCT_NAME = "Cross Me Not";
				"PROVISIONING_PROFILE[sdk=iphoneos*]" = "";
				SDKROOT = iphoneos;
			};
			name = Debug;
		};
		1D6058950D05DD3E006BFB54 /* Release */ = {
			isa = XCBuildConfiguration;
			buildSettings = {
				ALWAYS_SEARCH_USER_PATHS = NO;
				"CODE_SIGN_IDENTITY[sdk=iphoneos*]" = "iPhone Developer";
				COPY_PHASE_STRIP = YES;
				GCC_PRECOMPILE_PREFIX_HEADER = YES;
				GCC_PREFIX_HEADER = Cross_Me_Not_Prefix.pch;
				INFOPLIST_FILE = "Cross_Me_Not-Info.plist";
				LIBRARY_SEARCH_PATHS = (
					"$(inherited)",
					"\"$(SRCROOT)/Shared/AdMob\"",
				);
				PRODUCT_NAME = "Cross Me Not";
				"PROVISIONING_PROFILE[sdk=iphoneos*]" = "";
				SDKROOT = iphoneos;
				VALIDATE_PRODUCT = YES;
			};
			name = Release;
		};
		59F2B06011572EE2003BA387 /* Distribution */ = {
			isa = XCBuildConfiguration;
			buildSettings = {
				ARCHS = "$(ARCHS_STANDARD_32_BIT)";
				"CODE_SIGN_IDENTITY[sdk=iphoneos*]" = "iPhone Developer";
				GCC_C_LANGUAGE_STANDARD = c99;
				GCC_WARN_ABOUT_RETURN_TYPE = YES;
				GCC_WARN_UNUSED_VARIABLE = YES;
				IPHONEOS_DEPLOYMENT_TARGET = 3.0;
				OTHER_CFLAGS = "-DNS_BLOCK_ASSERTIONS=1";
				PREBINDING = NO;
				"PROVISIONING_PROFILE[sdk=iphoneos*]" = "";
				SDKROOT = iphoneos;
				TARGETED_DEVICE_FAMILY = 1;
			};
			name = Distribution;
		};
		59F2B06111572EE2003BA387 /* Distribution */ = {
			isa = XCBuildConfiguration;
			buildSettings = {
				ALWAYS_SEARCH_USER_PATHS = NO;
				"CODE_SIGN_IDENTITY[sdk=iphoneos*]" = "iPhone Developer";
				COPY_PHASE_STRIP = YES;
				GCC_PRECOMPILE_PREFIX_HEADER = YES;
				GCC_PREFIX_HEADER = Cross_Me_Not_Prefix.pch;
				INFOPLIST_FILE = "Cross_Me_Not-Info.plist";
				IPHONEOS_DEPLOYMENT_TARGET = 3.0;
				LIBRARY_SEARCH_PATHS = (
					"$(inherited)",
					"\"$(SRCROOT)/Shared/AdMob\"",
				);
				PRODUCT_NAME = "Cross Me Not";
				"PROVISIONING_PROFILE[sdk=iphoneos*]" = "";
				SDKROOT = iphoneos;
				VALIDATE_PRODUCT = YES;
			};
			name = Distribution;
		};
		C01FCF4F08A954540054247B /* Debug */ = {
			isa = XCBuildConfiguration;
			buildSettings = {
				ARCHS = "$(ARCHS_STANDARD_32_BIT)";
				"CODE_SIGN_IDENTITY[sdk=iphoneos*]" = "iPhone Developer";
				GCC_C_LANGUAGE_STANDARD = c99;
				GCC_WARN_ABOUT_RETURN_TYPE = YES;
				GCC_WARN_UNUSED_VARIABLE = YES;
				IPHONEOS_DEPLOYMENT_TARGET = 3.0;
				PREBINDING = NO;
				"PROVISIONING_PROFILE[sdk=iphoneos*]" = "";
				SDKROOT = iphoneos;
				TARGETED_DEVICE_FAMILY = 1;
			};
			name = Debug;
		};
		C01FCF5008A954540054247B /* Release */ = {
			isa = XCBuildConfiguration;
			buildSettings = {
				ARCHS = "$(ARCHS_STANDARD_32_BIT)";
				"CODE_SIGN_IDENTITY[sdk=iphoneos*]" = "iPhone Developer";
				GCC_C_LANGUAGE_STANDARD = c99;
				GCC_WARN_ABOUT_RETURN_TYPE = YES;
				GCC_WARN_UNUSED_VARIABLE = YES;
				IPHONEOS_DEPLOYMENT_TARGET = 3.0;
				OTHER_CFLAGS = "-DNS_BLOCK_ASSERTIONS=1";
				PREBINDING = NO;
				"PROVISIONING_PROFILE[sdk=iphoneos*]" = "";
				SDKROOT = iphoneos;
				TARGETED_DEVICE_FAMILY = 1;
			};
			name = Release;
		};
/* End XCBuildConfiguration section */

/* Begin XCConfigurationList section */
		1D6058960D05DD3E006BFB54 /* Build configuration list for PBXNativeTarget "Cross Me Not" */ = {
			isa = XCConfigurationList;
			buildConfigurations = (
				1D6058940D05DD3E006BFB54 /* Debug */,
				1D6058950D05DD3E006BFB54 /* Release */,
				59F2B06111572EE2003BA387 /* Distribution */,
			);
			defaultConfigurationIsVisible = 0;
			defaultConfigurationName = Release;
		};
		C01FCF4E08A954540054247B /* Build configuration list for PBXProject "Cross Me Not" */ = {
			isa = XCConfigurationList;
			buildConfigurations = (
				C01FCF4F08A954540054247B /* Debug */,
				C01FCF5008A954540054247B /* Release */,
				59F2B06011572EE2003BA387 /* Distribution */,
			);
			defaultConfigurationIsVisible = 0;
			defaultConfigurationName = Release;
		};
/* End XCConfigurationList section */
	};
	rootObject = 29B97313FDCFA39411CA2CEA /* Project object */;
}
