// !$*UTF8*$!
{
	archiveVersion = 1;
	classes = {
	};
	objectVersion = 45;
	objects = {

/* Begin PBXBuildFile section */
		1D60589B0D05DD56006BFB54 /* main.m in Sources */ = {isa = PBXBuildFile; fileRef = 29B97316FDCFA39411CA2CEA /* main.m */; };
		1D60589F0D05DD5A006BFB54 /* Foundation.framework in Frameworks */ = {isa = PBXBuildFile; fileRef = 1D30AB110D05D00D00671497 /* Foundation.framework */; };
		1DF5F4E00D08C38300B7A737 /* UIKit.framework in Frameworks */ = {isa = PBXBuildFile; fileRef = 1DF5F4DF0D08C38300B7A737 /* UIKit.framework */; };
		2860E328111B887F00E27156 /* AppDelegate_Phone.m in Sources */ = {isa = PBXBuildFile; fileRef = 2860E326111B887F00E27156 /* AppDelegate_Phone.m */; };
		288765FD0DF74451002DB57D /* CoreGraphics.framework in Frameworks */ = {isa = PBXBuildFile; fileRef = 288765FC0DF74451002DB57D /* CoreGraphics.framework */; };
		3250660612288D4B00D8A986 /* StoreKit.framework in Frameworks */ = {isa = PBXBuildFile; fileRef = 3250660512288D4B00D8A986 /* StoreKit.framework */; };
		5955DB3A11558C21001C813A /* OpenGLES.framework in Frameworks */ = {isa = PBXBuildFile; fileRef = 5955DB3911558C21001C813A /* OpenGLES.framework */; };
		5955DB3C11558C21001C813A /* QuartzCore.framework in Frameworks */ = {isa = PBXBuildFile; fileRef = 5955DB3B11558C21001C813A /* QuartzCore.framework */; };
		5955DB6E11558F62001C813A /* EAGLView.m in Sources */ = {isa = PBXBuildFile; fileRef = 5955DB6511558F62001C813A /* EAGLView.m */; };
		5955DB6F11558F62001C813A /* ES1Renderer.m in Sources */ = {isa = PBXBuildFile; fileRef = 5955DB6711558F62001C813A /* ES1Renderer.m */; };
		5955DB7011558F62001C813A /* ES2Renderer.m in Sources */ = {isa = PBXBuildFile; fileRef = 5955DB6911558F62001C813A /* ES2Renderer.m */; };
		5955DB7111558F62001C813A /* ESRenderer.m in Sources */ = {isa = PBXBuildFile; fileRef = 5955DB6B11558F62001C813A /* ESRenderer.m */; };
		5955DB7211558F62001C813A /* Graph.m in Sources */ = {isa = PBXBuildFile; fileRef = 5955DB6D11558F62001C813A /* Graph.m */; };
		59CCD927122784BF00C35FF3 /* iAd.framework in Frameworks */ = {isa = PBXBuildFile; fileRef = 59CCD926122784BF00C35FF3 /* iAd.framework */; };
		59CCDAF11227B35E00C35FF3 /* Icon@2x.png in Resources */ = {isa = PBXBuildFile; fileRef = 59CCDAF01227B35E00C35FF3 /* Icon@2x.png */; };
		59D109FB115614F800A1C2DD /* flip.gif in Resources */ = {isa = PBXBuildFile; fileRef = 59D109FA115614F800A1C2DD /* flip.gif */; };
		59E4120811562F1800BCA756 /* Default.png in Resources */ = {isa = PBXBuildFile; fileRef = 59E4120711562F1800BCA756 /* Default.png */; };
		59F2ACA61156B119003BA387 /* InfoPlist.strings in Resources */ = {isa = PBXBuildFile; fileRef = 59F2ACA51156B119003BA387 /* InfoPlist.strings */; };
		59F2AD211156C0ED003BA387 /* MainWindow_Phone.strings in Resources */ = {isa = PBXBuildFile; fileRef = 59F2AD201156C0ED003BA387 /* MainWindow_Phone.strings */; };
		59F2AE661156F0B0003BA387 /* Localizable.strings in Resources */ = {isa = PBXBuildFile; fileRef = 59F2AE651156F0B0003BA387 /* Localizable.strings */; };
		59F2AEBC1156F6CC003BA387 /* MainWindow_Phone.xib in Resources */ = {isa = PBXBuildFile; fileRef = 59F2AEBB1156F6CC003BA387 /* MainWindow_Phone.xib */; };
		59F2B00511570D5A003BA387 /* info.png in Resources */ = {isa = PBXBuildFile; fileRef = 59F2B00411570D5A003BA387 /* info.png */; };
		59F2B09E1157374B003BA387 /* Icon.png in Resources */ = {isa = PBXBuildFile; fileRef = 59F2B09C1157374B003BA387 /* Icon.png */; };
/* End PBXBuildFile section */

/* Begin PBXFileReference section */
		1D30AB110D05D00D00671497 /* Foundation.framework */ = {isa = PBXFileReference; lastKnownFileType = wrapper.framework; name = Foundation.framework; path = System/Library/Frameworks/Foundation.framework; sourceTree = SDKROOT; };
		1D6058910D05DD3D006BFB54 /* Cross Me Not.app */ = {isa = PBXFileReference; explicitFileType = wrapper.application; includeInIndex = 0; path = "Cross Me Not.app"; sourceTree = BUILT_PRODUCTS_DIR; };
		1DF5F4DF0D08C38300B7A737 /* UIKit.framework */ = {isa = PBXFileReference; lastKnownFileType = wrapper.framework; name = UIKit.framework; path = System/Library/Frameworks/UIKit.framework; sourceTree = SDKROOT; };
		2860E325111B887F00E27156 /* AppDelegate_Phone.h */ = {isa = PBXFileReference; fileEncoding = 4; lastKnownFileType = sourcecode.c.h; path = AppDelegate_Phone.h; sourceTree = "<group>"; };
		2860E326111B887F00E27156 /* AppDelegate_Phone.m */ = {isa = PBXFileReference; fileEncoding = 4; lastKnownFileType = sourcecode.c.objc; path = AppDelegate_Phone.m; sourceTree = "<group>"; };
		288765FC0DF74451002DB57D /* CoreGraphics.framework */ = {isa = PBXFileReference; lastKnownFileType = wrapper.framework; name = CoreGraphics.framework; path = System/Library/Frameworks/CoreGraphics.framework; sourceTree = SDKROOT; };
		29B97316FDCFA39411CA2CEA /* main.m */ = {isa = PBXFileReference; fileEncoding = 4; lastKnownFileType = sourcecode.c.objc; name = main.m; path = Shared/main.m; sourceTree = "<group>"; };
		3250660512288D4B00D8A986 /* StoreKit.framework */ = {isa = PBXFileReference; lastKnownFileType = wrapper.framework; name = StoreKit.framework; path = System/Library/Frameworks/StoreKit.framework; sourceTree = SDKROOT; };
		32CA4F630368D1EE00C91783 /* Cross_Me_Not_Prefix.pch */ = {isa = PBXFileReference; fileEncoding = 4; lastKnownFileType = sourcecode.c.h; path = Cross_Me_Not_Prefix.pch; sourceTree = "<group>"; };
		5955DB3911558C21001C813A /* OpenGLES.framework */ = {isa = PBXFileReference; lastKnownFileType = wrapper.framework; name = OpenGLES.framework; path = System/Library/Frameworks/OpenGLES.framework; sourceTree = SDKROOT; };
		5955DB3B11558C21001C813A /* QuartzCore.framework */ = {isa = PBXFileReference; lastKnownFileType = wrapper.framework; name = QuartzCore.framework; path = System/Library/Frameworks/QuartzCore.framework; sourceTree = SDKROOT; };
		5955DB6411558F62001C813A /* EAGLView.h */ = {isa = PBXFileReference; fileEncoding = 4; lastKnownFileType = sourcecode.c.h; path = EAGLView.h; sourceTree = "<group>"; };
		5955DB6511558F62001C813A /* EAGLView.m */ = {isa = PBXFileReference; fileEncoding = 4; lastKnownFileType = sourcecode.c.objc; path = EAGLView.m; sourceTree = "<group>"; };
		5955DB6611558F62001C813A /* ES1Renderer.h */ = {isa = PBXFileReference; fileEncoding = 4; lastKnownFileType = sourcecode.c.h; path = ES1Renderer.h; sourceTree = "<group>"; };
		5955DB6711558F62001C813A /* ES1Renderer.m */ = {isa = PBXFileReference; fileEncoding = 4; lastKnownFileType = sourcecode.c.objc; path = ES1Renderer.m; sourceTree = "<group>"; };
		5955DB6811558F62001C813A /* ES2Renderer.h */ = {isa = PBXFileReference; fileEncoding = 4; lastKnownFileType = sourcecode.c.h; path = ES2Renderer.h; sourceTree = "<group>"; };
		5955DB6911558F62001C813A /* ES2Renderer.m */ = {isa = PBXFileReference; fileEncoding = 4; lastKnownFileType = sourcecode.c.objc; path = ES2Renderer.m; sourceTree = "<group>"; };
		5955DB6A11558F62001C813A /* ESRenderer.h */ = {isa = PBXFileReference; fileEncoding = 4; lastKnownFileType = sourcecode.c.h; path = ESRenderer.h; sourceTree = "<group>"; };
		5955DB6B11558F62001C813A /* ESRenderer.m */ = {isa = PBXFileReference; fileEncoding = 4; lastKnownFileType = sourcecode.c.objc; path = ESRenderer.m; sourceTree = "<group>"; };
		5955DB6C11558F62001C813A /* Graph.h */ = {isa = PBXFileReference; fileEncoding = 4; lastKnownFileType = sourcecode.c.h; path = Graph.h; sourceTree = "<group>"; };
		5955DB6D11558F62001C813A /* Graph.m */ = {isa = PBXFileReference; fileEncoding = 4; lastKnownFileType = sourcecode.c.objc; path = Graph.m; sourceTree = "<group>"; };
		5955DD201155B9DA001C813A /* English */ = {isa = PBXFileReference; lastKnownFileType = image.png; name = English; path = English.lproj/Default.png; sourceTree = "<group>"; };
		59CCD926122784BF00C35FF3 /* iAd.framework */ = {isa = PBXFileReference; lastKnownFileType = wrapper.framework; name = iAd.framework; path = System/Library/Frameworks/iAd.framework; sourceTree = SDKROOT; };
		59CCDAF01227B35E00C35FF3 /* Icon@2x.png */ = {isa = PBXFileReference; lastKnownFileType = image.png; path = "Icon@2x.png"; sourceTree = "<group>"; };
		59D109FA115614F800A1C2DD /* flip.gif */ = {isa = PBXFileReference; lastKnownFileType = image.gif; path = flip.gif; sourceTree = "<group>"; };
		59E4120A11562F6B00BCA756 /* de */ = {isa = PBXFileReference; lastKnownFileType = image.png; name = de; path = de.lproj/Default.png; sourceTree = "<group>"; };
		59E4120B11562F6F00BCA756 /* ja */ = {isa = PBXFileReference; lastKnownFileType = image.png; name = ja; path = ja.lproj/Default.png; sourceTree = "<group>"; };
		59E4120C11562F7400BCA756 /* fr */ = {isa = PBXFileReference; lastKnownFileType = image.png; name = fr; path = fr.lproj/Default.png; sourceTree = "<group>"; };
		59E4120D11562F7800BCA756 /* zh */ = {isa = PBXFileReference; lastKnownFileType = image.png; name = zh; path = zh.lproj/Default.png; sourceTree = "<group>"; };
		59E4120E11562F7C00BCA756 /* es */ = {isa = PBXFileReference; lastKnownFileType = image.png; name = es; path = es.lproj/Default.png; sourceTree = "<group>"; };
		59F2ACA31156B0F1003BA387 /* English */ = {isa = PBXFileReference; fileEncoding = 10; lastKnownFileType = text.plist.strings; name = English; path = English.lproj/InfoPlist.strings; sourceTree = "<group>"; };
		59F2ACA71156B120003BA387 /* es */ = {isa = PBXFileReference; lastKnownFileType = text.plist.strings; name = es; path = es.lproj/InfoPlist.strings; sourceTree = "<group>"; };
		59F2ACA81156B124003BA387 /* zh */ = {isa = PBXFileReference; lastKnownFileType = text.plist.strings; name = zh; path = zh.lproj/InfoPlist.strings; sourceTree = "<group>"; };
		59F2ACA91156B127003BA387 /* ja */ = {isa = PBXFileReference; lastKnownFileType = text.plist.strings; name = ja; path = ja.lproj/InfoPlist.strings; sourceTree = "<group>"; };
		59F2ACAA1156B12A003BA387 /* de */ = {isa = PBXFileReference; lastKnownFileType = text.plist.strings; name = de; path = de.lproj/InfoPlist.strings; sourceTree = "<group>"; };
		59F2ACAB1156B12C003BA387 /* fr */ = {isa = PBXFileReference; lastKnownFileType = text.plist.strings; name = fr; path = fr.lproj/InfoPlist.strings; sourceTree = "<group>"; };
		59F2AD1E1156C0CA003BA387 /* English */ = {isa = PBXFileReference; fileEncoding = 10; lastKnownFileType = text.plist.strings; name = English; path = English.lproj/MainWindow_Phone.strings; sourceTree = "<group>"; };
		59F2AD221156C0F2003BA387 /* es */ = {isa = PBXFileReference; lastKnownFileType = text.plist.strings; name = es; path = es.lproj/MainWindow_Phone.strings; sourceTree = "<group>"; };
		59F2AD231156C0F5003BA387 /* ja */ = {isa = PBXFileReference; lastKnownFileType = text.plist.strings; name = ja; path = ja.lproj/MainWindow_Phone.strings; sourceTree = "<group>"; };
		59F2AD241156C0F9003BA387 /* zh */ = {isa = PBXFileReference; lastKnownFileType = text.plist.strings; name = zh; path = zh.lproj/MainWindow_Phone.strings; sourceTree = "<group>"; };
		59F2AD251156C0FF003BA387 /* de */ = {isa = PBXFileReference; lastKnownFileType = text.plist.strings; name = de; path = de.lproj/MainWindow_Phone.strings; sourceTree = "<group>"; };
		59F2AD261156C104003BA387 /* fr */ = {isa = PBXFileReference; lastKnownFileType = text.plist.strings; name = fr; path = fr.lproj/MainWindow_Phone.strings; sourceTree = "<group>"; };
		59F2AD2E1156C2DD003BA387 /* English */ = {isa = PBXFileReference; lastKnownFileType = file.xib; name = English; path = English.lproj/MainWindow_Phone.xib; sourceTree = "<group>"; };
		59F2AE631156F0A3003BA387 /* English */ = {isa = PBXFileReference; fileEncoding = 10; lastKnownFileType = text.plist.strings; name = English; path = English.lproj/Localizable.strings; sourceTree = "<group>"; };
		59F2AE671156F0B6003BA387 /* de */ = {isa = PBXFileReference; lastKnownFileType = text.plist.strings; name = de; path = de.lproj/Localizable.strings; sourceTree = "<group>"; };
		59F2AE681156F0B9003BA387 /* fr */ = {isa = PBXFileReference; lastKnownFileType = text.plist.strings; name = fr; path = fr.lproj/Localizable.strings; sourceTree = "<group>"; };
		59F2AE691156F0BC003BA387 /* ja */ = {isa = PBXFileReference; lastKnownFileType = text.plist.strings; name = ja; path = ja.lproj/Localizable.strings; sourceTree = "<group>"; };
		59F2AE6A1156F0BE003BA387 /* zh */ = {isa = PBXFileReference; lastKnownFileType = text.plist.strings; name = zh; path = zh.lproj/Localizable.strings; sourceTree = "<group>"; };
		59F2AE6B1156F0C0003BA387 /* es */ = {isa = PBXFileReference; lastKnownFileType = text.plist.strings; name = es; path = es.lproj/Localizable.strings; sourceTree = "<group>"; };
		59F2AEBD1156F6D1003BA387 /* de */ = {isa = PBXFileReference; lastKnownFileType = file.xib; name = de; path = de.lproj/MainWindow_Phone.xib; sourceTree = "<group>"; };
		59F2AEBE1156F6D3003BA387 /* fr */ = {isa = PBXFileReference; lastKnownFileType = file.xib; name = fr; path = fr.lproj/MainWindow_Phone.xib; sourceTree = "<group>"; };
		59F2AEBF1156F6D6003BA387 /* ja */ = {isa = PBXFileReference; lastKnownFileType = file.xib; name = ja; path = ja.lproj/MainWindow_Phone.xib; sourceTree = "<group>"; };
		59F2AEC01156F6D9003BA387 /* es */ = {isa = PBXFileReference; lastKnownFileType = file.xib; name = es; path = es.lproj/MainWindow_Phone.xib; sourceTree = "<group>"; };
		59F2AEC11156F6DC003BA387 /* zh */ = {isa = PBXFileReference; lastKnownFileType = file.xib; name = zh; path = zh.lproj/MainWindow_Phone.xib; sourceTree = "<group>"; };
		59F2B00211570D4E003BA387 /* English */ = {isa = PBXFileReference; lastKnownFileType = image.png; name = English; path = English.lproj/info.png; sourceTree = "<group>"; };
		59F2B00611570D60003BA387 /* de */ = {isa = PBXFileReference; lastKnownFileType = image.png; name = de; path = de.lproj/info.png; sourceTree = "<group>"; };
		59F2B00711570D62003BA387 /* fr */ = {isa = PBXFileReference; lastKnownFileType = image.png; name = fr; path = fr.lproj/info.png; sourceTree = "<group>"; };
		59F2B00811570D65003BA387 /* ja */ = {isa = PBXFileReference; lastKnownFileType = image.png; name = ja; path = ja.lproj/info.png; sourceTree = "<group>"; };
		59F2B00911570D68003BA387 /* zh */ = {isa = PBXFileReference; lastKnownFileType = image.png; name = zh; path = zh.lproj/info.png; sourceTree = "<group>"; };
		59F2B00A11570D6A003BA387 /* es */ = {isa = PBXFileReference; lastKnownFileType = image.png; name = es; path = es.lproj/info.png; sourceTree = "<group>"; };
		59F2B09C1157374B003BA387 /* Icon.png */ = {isa = PBXFileReference; lastKnownFileType = image.png; path = Icon.png; sourceTree = "<group>"; };
		8D1107310486CEB800E47090 /* Cross_Me_Not-Info.plist */ = {isa = PBXFileReference; fileEncoding = 4; lastKnownFileType = text.plist.xml; path = "Cross_Me_Not-Info.plist"; plistStructureDefinitionIdentifier = "com.apple.xcode.plist.structure-definition.iphone.info-plist"; sourceTree = "<group>"; };
/* End PBXFileReference section */

/* Begin PBXFrameworksBuildPhase section */
		1D60588F0D05DD3D006BFB54 /* Frameworks */ = {
			isa = PBXFrameworksBuildPhase;
			buildActionMask = 2147483647;
			files = (
				1D60589F0D05DD5A006BFB54 /* Foundation.framework in Frameworks */,
				1DF5F4E00D08C38300B7A737 /* UIKit.framework in Frameworks */,
				288765FD0DF74451002DB57D /* CoreGraphics.framework in Frameworks */,
				5955DB3A11558C21001C813A /* OpenGLES.framework in Frameworks */,
				5955DB3C11558C21001C813A /* QuartzCore.framework in Frameworks */,
				59CCD927122784BF00C35FF3 /* iAd.framework in Frameworks */,
				3250660612288D4B00D8A986 /* StoreKit.framework in Frameworks */,
			);
			runOnlyForDeploymentPostprocessing = 0;
		};
/* End PBXFrameworksBuildPhase section */

/* Begin PBXGroup section */
		19C28FACFE9D520D11CA2CBB /* Products */ = {
			isa = PBXGroup;
			children = (
				1D6058910D05DD3D006BFB54 /* Cross Me Not.app */,
			);
			name = Products;
			sourceTree = "<group>";
		};
		2860E324111B887F00E27156 /* iPhone */ = {
			isa = PBXGroup;
			children = (
				59F2AEBB1156F6CC003BA387 /* MainWindow_Phone.xib */,
				59F2AD201156C0ED003BA387 /* MainWindow_Phone.strings */,
				2860E325111B887F00E27156 /* AppDelegate_Phone.h */,
				2860E326111B887F00E27156 /* AppDelegate_Phone.m */,
			);
			path = iPhone;
			sourceTree = "<group>";
		};
		28EEBF621118D79A00187D67 /* Shared */ = {
			isa = PBXGroup;
			children = (
				59CCDAF01227B35E00C35FF3 /* Icon@2x.png */,
				59F2B09C1157374B003BA387 /* Icon.png */,
				5955DCFB1155AF01001C813A /* Resources */,
				5955DB6311558F62001C813A /* Classes */,
				8D1107310486CEB800E47090 /* Cross_Me_Not-Info.plist */,
			);
			name = Shared;
			sourceTree = "<group>";
		};
		29B97314FDCFA39411CA2CEA /* CustomTemplate */ = {
			isa = PBXGroup;
			children = (
				2860E324111B887F00E27156 /* iPhone */,
				28EEBF621118D79A00187D67 /* Shared */,
				29B97315FDCFA39411CA2CEA /* Other Sources */,
				29B97323FDCFA39411CA2CEA /* Frameworks */,
				19C28FACFE9D520D11CA2CBB /* Products */,
			);
			name = CustomTemplate;
			sourceTree = "<group>";
		};
		29B97315FDCFA39411CA2CEA /* Other Sources */ = {
			isa = PBXGroup;
			children = (
				32CA4F630368D1EE00C91783 /* Cross_Me_Not_Prefix.pch */,
				29B97316FDCFA39411CA2CEA /* main.m */,
			);
			name = "Other Sources";
			sourceTree = "<group>";
		};
		29B97323FDCFA39411CA2CEA /* Frameworks */ = {
			isa = PBXGroup;
			children = (
				1DF5F4DF0D08C38300B7A737 /* UIKit.framework */,
				1D30AB110D05D00D00671497 /* Foundation.framework */,
				288765FC0DF74451002DB57D /* CoreGraphics.framework */,
				5955DB3911558C21001C813A /* OpenGLES.framework */,
				5955DB3B11558C21001C813A /* QuartzCore.framework */,
				59CCD926122784BF00C35FF3 /* iAd.framework */,
				3250660512288D4B00D8A986 /* StoreKit.framework */,
			);
			name = Frameworks;
			sourceTree = "<group>";
		};
		5955DB6311558F62001C813A /* Classes */ = {
			isa = PBXGroup;
			children = (
				5955DB6411558F62001C813A /* EAGLView.h */,
				5955DB6511558F62001C813A /* EAGLView.m */,
				5955DB6611558F62001C813A /* ES1Renderer.h */,
				5955DB6711558F62001C813A /* ES1Renderer.m */,
				5955DB6811558F62001C813A /* ES2Renderer.h */,
				5955DB6911558F62001C813A /* ES2Renderer.m */,
				5955DB6A11558F62001C813A /* ESRenderer.h */,
				5955DB6B11558F62001C813A /* ESRenderer.m */,
				5955DB6C11558F62001C813A /* Graph.h */,
				5955DB6D11558F62001C813A /* Graph.m */,
			);
			name = Classes;
			path = Shared/Classes;
			sourceTree = "<group>";
		};
		5955DCFB1155AF01001C813A /* Resources */ = {
			isa = PBXGroup;
			children = (
				59F2B00411570D5A003BA387 /* info.png */,
				59F2AE651156F0B0003BA387 /* Localizable.strings */,
				59F2ACA51156B119003BA387 /* InfoPlist.strings */,
				59D109FA115614F800A1C2DD /* flip.gif */,
				59E4120711562F1800BCA756 /* Default.png */,
			);
			name = Resources;
			path = Shared/Resources;
			sourceTree = "<group>";
		};
/* End PBXGroup section */

/* Begin PBXNativeTarget section */
		1D6058900D05DD3D006BFB54 /* Cross Me Not */ = {
			isa = PBXNativeTarget;
			buildConfigurationList = 1D6058960D05DD3E006BFB54 /* Build configuration list for PBXNativeTarget "Cross Me Not" */;
			buildPhases = (
				1D60588D0D05DD3D006BFB54 /* Resources */,
				1D60588E0D05DD3D006BFB54 /* Sources */,
				1D60588F0D05DD3D006BFB54 /* Frameworks */,
			);
			buildRules = (
			);
			dependencies = (
			);
			name = "Cross Me Not";
			productName = "Cross Me Not";
			productReference = 1D6058910D05DD3D006BFB54 /* Cross Me Not.app */;
			productType = "com.apple.product-type.application";
		};
/* End PBXNativeTarget section */

/* Begin PBXProject section */
		29B97313FDCFA39411CA2CEA /* Project object */ = {
			isa = PBXProject;
			buildConfigurationList = C01FCF4E08A954540054247B /* Build configuration list for PBXProject "Cross Me Not" */;
			compatibilityVersion = "Xcode 3.1";
			hasScannedForEncodings = 1;
			knownRegions = (
				English,
				Japanese,
				French,
				German,
				de,
				fr,
				ja,
				ees,
				es,
				zh,
			);
			mainGroup = 29B97314FDCFA39411CA2CEA /* CustomTemplate */;
			projectDirPath = "";
			projectRoot = "";
			targets = (
				1D6058900D05DD3D006BFB54 /* Cross Me Not */,
			);
		};
/* End PBXProject section */

/* Begin PBXResourcesBuildPhase section */
		1D60588D0D05DD3D006BFB54 /* Resources */ = {
			isa = PBXResourcesBuildPhase;
			buildActionMask = 2147483647;
			files = (
				59E4120811562F1800BCA756 /* Default.png in Resources */,
				59D109FB115614F800A1C2DD /* flip.gif in Resources */,
				59F2ACA61156B119003BA387 /* InfoPlist.strings in Resources */,
				59F2AD211156C0ED003BA387 /* MainWindow_Phone.strings in Resources */,
				59F2AEBC1156F6CC003BA387 /* MainWindow_Phone.xib in Resources */,
				59F2AE661156F0B0003BA387 /* Localizable.strings in Resources */,
				59F2B00511570D5A003BA387 /* info.png in Resources */,
				59F2B09E1157374B003BA387 /* Icon.png in Resources */,
				59CCDAF11227B35E00C35FF3 /* Icon@2x.png in Resources */,
			);
			runOnlyForDeploymentPostprocessing = 0;
		};
/* End PBXResourcesBuildPhase section */

/* Begin PBXSourcesBuildPhase section */
		1D60588E0D05DD3D006BFB54 /* Sources */ = {
			isa = PBXSourcesBuildPhase;
			buildActionMask = 2147483647;
			files = (
				1D60589B0D05DD56006BFB54 /* main.m in Sources */,
				2860E328111B887F00E27156 /* AppDelegate_Phone.m in Sources */,
				5955DB6E11558F62001C813A /* EAGLView.m in Sources */,
				5955DB6F11558F62001C813A /* ES1Renderer.m in Sources */,
				5955DB7011558F62001C813A /* ES2Renderer.m in Sources */,
				5955DB7111558F62001C813A /* ESRenderer.m in Sources */,
				5955DB7211558F62001C813A /* Graph.m in Sources */,
			);
			runOnlyForDeploymentPostprocessing = 0;
		};
/* End PBXSourcesBuildPhase section */

/* Begin PBXVariantGroup section */
		59E4120711562F1800BCA756 /* Default.png */ = {
			isa = PBXVariantGroup;
			children = (
				5955DD201155B9DA001C813A /* English */,
				59E4120A11562F6B00BCA756 /* de */,
				59E4120B11562F6F00BCA756 /* ja */,
				59E4120C11562F7400BCA756 /* fr */,
				59E4120D11562F7800BCA756 /* zh */,
				59E4120E11562F7C00BCA756 /* es */,
			);
			name = Default.png;
			sourceTree = "<group>";
		};
		59F2ACA51156B119003BA387 /* InfoPlist.strings */ = {
			isa = PBXVariantGroup;
			children = (
				59F2ACA31156B0F1003BA387 /* English */,
				59F2ACA71156B120003BA387 /* es */,
				59F2ACA81156B124003BA387 /* zh */,
				59F2ACA91156B127003BA387 /* ja */,
				59F2ACAA1156B12A003BA387 /* de */,
				59F2ACAB1156B12C003BA387 /* fr */,
			);
			name = InfoPlist.strings;
			sourceTree = "<group>";
		};
		59F2AD201156C0ED003BA387 /* MainWindow_Phone.strings */ = {
			isa = PBXVariantGroup;
			children = (
				59F2AD1E1156C0CA003BA387 /* English */,
				59F2AD221156C0F2003BA387 /* es */,
				59F2AD231156C0F5003BA387 /* ja */,
				59F2AD241156C0F9003BA387 /* zh */,
				59F2AD251156C0FF003BA387 /* de */,
				59F2AD261156C104003BA387 /* fr */,
			);
			name = MainWindow_Phone.strings;
			sourceTree = "<group>";
		};
		59F2AE651156F0B0003BA387 /* Localizable.strings */ = {
			isa = PBXVariantGroup;
			children = (
				59F2AE631156F0A3003BA387 /* English */,
				59F2AE671156F0B6003BA387 /* de */,
				59F2AE681156F0B9003BA387 /* fr */,
				59F2AE691156F0BC003BA387 /* ja */,
				59F2AE6A1156F0BE003BA387 /* zh */,
				59F2AE6B1156F0C0003BA387 /* es */,
			);
			name = Localizable.strings;
			sourceTree = "<group>";
		};
		59F2AEBB1156F6CC003BA387 /* MainWindow_Phone.xib */ = {
			isa = PBXVariantGroup;
			children = (
				59F2AD2E1156C2DD003BA387 /* English */,
				59F2AEBD1156F6D1003BA387 /* de */,
				59F2AEBE1156F6D3003BA387 /* fr */,
				59F2AEBF1156F6D6003BA387 /* ja */,
				59F2AEC01156F6D9003BA387 /* es */,
				59F2AEC11156F6DC003BA387 /* zh */,
			);
			name = MainWindow_Phone.xib;
			sourceTree = "<group>";
		};
		59F2B00411570D5A003BA387 /* info.png */ = {
			isa = PBXVariantGroup;
			children = (
				59F2B00211570D4E003BA387 /* English */,
				59F2B00611570D60003BA387 /* de */,
				59F2B00711570D62003BA387 /* fr */,
				59F2B00811570D65003BA387 /* ja */,
				59F2B00911570D68003BA387 /* zh */,
				59F2B00A11570D6A003BA387 /* es */,
			);
			name = info.png;
			sourceTree = "<group>";
		};
/* End PBXVariantGroup section */

/* Begin XCBuildConfiguration section */
		1D6058940D05DD3E006BFB54 /* Debug */ = {
			isa = XCBuildConfiguration;
			buildSettings = {
				ALWAYS_SEARCH_USER_PATHS = NO;
				"CODE_SIGN_IDENTITY[sdk=iphoneos*]" = "iPhone Distribution";
				COPY_PHASE_STRIP = NO;
				GCC_DYNAMIC_NO_PIC = NO;
				GCC_OPTIMIZATION_LEVEL = 0;
				GCC_PRECOMPILE_PREFIX_HEADER = YES;
				GCC_PREFIX_HEADER = Cross_Me_Not_Prefix.pch;
				INFOPLIST_FILE = "Cross_Me_Not-Info.plist";
				LIBRARY_SEARCH_PATHS = (
					"$(inherited)",
					"\"$(SRCROOT)/Shared/AdMob\"",
				);
				PRODUCT_NAME = "Cross Me Not";
				"PROVISIONING_PROFILE[sdk=iphoneos*]" = "";
				SDKROOT = iphoneos4.0;
			};
			name = Debug;
		};
		1D6058950D05DD3E006BFB54 /* Release */ = {
			isa = XCBuildConfiguration;
			buildSettings = {
				ALWAYS_SEARCH_USER_PATHS = NO;
				"CODE_SIGN_IDENTITY[sdk=iphoneos*]" = "iPhone Distribution";
				COPY_PHASE_STRIP = YES;
				GCC_PRECOMPILE_PREFIX_HEADER = YES;
				GCC_PREFIX_HEADER = Cross_Me_Not_Prefix.pch;
				INFOPLIST_FILE = "Cross_Me_Not-Info.plist";
				LIBRARY_SEARCH_PATHS = (
					"$(inherited)",
					"\"$(SRCROOT)/Shared/AdMob\"",
				);
				PRODUCT_NAME = "Cross Me Not";
				"PROVISIONING_PROFILE[sdk=iphoneos*]" = "";
				SDKROOT = iphoneos4.0;
				VALIDATE_PRODUCT = YES;
			};
			name = Release;
		};
		59F2B06011572EE2003BA387 /* Distribution */ = {
			isa = XCBuildConfiguration;
			buildSettings = {
				ARCHS = "$(ARCHS_STANDARD_32_BIT)";
				"CODE_SIGN_IDENTITY[sdk=iphoneos*]" = "iPhone Distribution: Manan Patel";
				GCC_C_LANGUAGE_STANDARD = c99;
				GCC_WARN_ABOUT_RETURN_TYPE = YES;
				GCC_WARN_UNUSED_VARIABLE = YES;
				IPHONEOS_DEPLOYMENT_TARGET = 3.0;
				OTHER_CFLAGS = "-DNS_BLOCK_ASSERTIONS=1";
				PREBINDING = NO;
				"PROVISIONING_PROFILE[sdk=iphoneos*]" = "82B85356-FCCD-4858-86D8-60CBAF1E8951";
				SDKROOT = iphoneos4.0;
				TARGETED_DEVICE_FAMILY = 1;
			};
			name = Distribution;
		};
		59F2B06111572EE2003BA387 /* Distribution */ = {
			isa = XCBuildConfiguration;
			buildSettings = {
				ALWAYS_SEARCH_USER_PATHS = NO;
				"CODE_SIGN_IDENTITY[sdk=iphoneos*]" = "iPhone Distribution";
				COPY_PHASE_STRIP = YES;
				GCC_PRECOMPILE_PREFIX_HEADER = YES;
				GCC_PREFIX_HEADER = Cross_Me_Not_Prefix.pch;
				INFOPLIST_FILE = "Cross_Me_Not-Info.plist";
				IPHONEOS_DEPLOYMENT_TARGET = 3.0;
				LIBRARY_SEARCH_PATHS = (
					"$(inherited)",
					"\"$(SRCROOT)/Shared/AdMob\"",
				);
				PRODUCT_NAME = "Cross Me Not";
				"PROVISIONING_PROFILE[sdk=iphoneos*]" = "";
				SDKROOT = iphoneos4.0;
				VALIDATE_PRODUCT = YES;
			};
			name = Distribution;
		};
		C01FCF4F08A954540054247B /* Debug */ = {
			isa = XCBuildConfiguration;
			buildSettings = {
				ARCHS = "$(ARCHS_STANDARD_32_BIT)";
				"CODE_SIGN_IDENTITY[sdk=iphoneos*]" = "iPhone Distribution: Manan Patel";
				GCC_C_LANGUAGE_STANDARD = c99;
				GCC_WARN_ABOUT_RETURN_TYPE = YES;
				GCC_WARN_UNUSED_VARIABLE = YES;
				IPHONEOS_DEPLOYMENT_TARGET = 3.0;
				PREBINDING = NO;
				"PROVISIONING_PROFILE[sdk=iphoneos*]" = "82B85356-FCCD-4858-86D8-60CBAF1E8951";
				SDKROOT = iphoneos4.0;
				TARGETED_DEVICE_FAMILY = 1;
			};
			name = Debug;
		};
		C01FCF5008A954540054247B /* Release */ = {
			isa = XCBuildConfiguration;
			buildSettings = {
				ARCHS = "$(ARCHS_STANDARD_32_BIT)";
				"CODE_SIGN_IDENTITY[sdk=iphoneos*]" = "iPhone Distribution: Manan Patel";
				GCC_C_LANGUAGE_STANDARD = c99;
				GCC_WARN_ABOUT_RETURN_TYPE = YES;
				GCC_WARN_UNUSED_VARIABLE = YES;
				IPHONEOS_DEPLOYMENT_TARGET = 3.0;
				OTHER_CFLAGS = "-DNS_BLOCK_ASSERTIONS=1";
				PREBINDING = NO;
				"PROVISIONING_PROFILE[sdk=iphoneos*]" = "82B85356-FCCD-4858-86D8-60CBAF1E8951";
				SDKROOT = iphoneos4.0;
				TARGETED_DEVICE_FAMILY = 1;
			};
			name = Release;
		};
/* End XCBuildConfiguration section */

/* Begin XCConfigurationList section */
		1D6058960D05DD3E006BFB54 /* Build configuration list for PBXNativeTarget "Cross Me Not" */ = {
			isa = XCConfigurationList;
			buildConfigurations = (
				1D6058940D05DD3E006BFB54 /* Debug */,
				1D6058950D05DD3E006BFB54 /* Release */,
				59F2B06111572EE2003BA387 /* Distribution */,
			);
			defaultConfigurationIsVisible = 0;
			defaultConfigurationName = Release;
		};
		C01FCF4E08A954540054247B /* Build configuration list for PBXProject "Cross Me Not" */ = {
			isa = XCConfigurationList;
			buildConfigurations = (
				C01FCF4F08A954540054247B /* Debug */,
				C01FCF5008A954540054247B /* Release */,
				59F2B06011572EE2003BA387 /* Distribution */,
			);
			defaultConfigurationIsVisible = 0;
			defaultConfigurationName = Release;
		};
/* End XCConfigurationList section */
	};
	rootObject = 29B97313FDCFA39411CA2CEA /* Project object */;
}
